# GENERATED by the lockfile compose run (skills-image/lockfile-spike/spike-taskrun.yaml)
# — do not hand-edit entries; re-run the compose to regenerate.
# Pinned skill artifacts composing quay-quay-quay-test.apps.salamander.aimlworkbench.com/deanpeterson/agent-office-skills:v0.0.7-lock
# Equivalence-gated against agent-office-skills:v0.0.6 (content-identical /skills tree).
skills:
  - name: cluster-update-advisor
    version: 0.1.0
    ref: quay-quay-quay-test.apps.salamander.aimlworkbench.com/deanpeterson/agent-office-skill-cluster-update-advisor:v0.1.0
    digest: sha256:78cc0bc04df15be13d4c245249f157db9de49e6bd91ad489bc2e9c8c36104657
  - name: find-token
    version: 0.1.0
    ref: quay-quay-quay-test.apps.salamander.aimlworkbench.com/deanpeterson/agent-office-skill-find-token:v0.1.0
    digest: sha256:b76f4ba11b4fa99d893e07ab6308afbf5a13e5635943e7bf3e05936b1ce89239
  - name: genesis-train
    version: 0.1.0
    ref: quay-quay-quay-test.apps.salamander.aimlworkbench.com/deanpeterson/agent-office-skill-genesis-train:v0.1.0
    digest: sha256:a54eb4760abf9ea919ab43e493dc3e0248e254092656c12ead6741e1dfc486fe
  - name: kubernetes-docs
    version: 0.1.0
    ref: quay-quay-quay-test.apps.salamander.aimlworkbench.com/deanpeterson/agent-office-skill-kubernetes-docs:v0.1.0
    digest: sha256:8be02d98c6fbcd362be2eb90e8f69213fc46ed7b380ed5b626b3d3af70f8ce3a
  - name: mcp-builder
    version: 0.1.0
    ref: quay-quay-quay-test.apps.salamander.aimlworkbench.com/deanpeterson/agent-office-skill-mcp-builder:v0.1.0
    digest: sha256:96b15ce80f670a956a84da2ea9750e1b95ad4fced81ef9588ce895a94fc56250
  - name: openshift-docs
    version: 0.1.0
    ref: quay-quay-quay-test.apps.salamander.aimlworkbench.com/deanpeterson/agent-office-skill-openshift-docs:v0.1.0
    digest: sha256:047a01effbab37d9568af7391b8a9cbdd5bd44d8eaac2666aae05778d43ccf71
  - name: product-lifecycle
    version: 0.1.0
    ref: quay-quay-quay-test.apps.salamander.aimlworkbench.com/deanpeterson/agent-office-skill-product-lifecycle:v0.1.0
    digest: sha256:e47c8c4705d26fdbcdea5226d0f8d7295f1882a0243be68e219834a2391c8876
  - name: project-board-management
    version: 0.1.0
    ref: quay-quay-quay-test.apps.salamander.aimlworkbench.com/deanpeterson/agent-office-skill-project-board-management:v0.1.0
    digest: sha256:a7995ad8b589b9c2e71e72a9fce7ecaf3d841745e46043b2b14a56d12b83ad9e
  - name: skill-creator
    version: 0.1.0
    ref: quay-quay-quay-test.apps.salamander.aimlworkbench.com/deanpeterson/agent-office-skill-skill-creator:v0.1.0
    digest: sha256:beb6739802cffd5cbcb47ce02e1abdcf72d4de34cbe6fa2bc4e4eeae6403d5f7
  - name: weekly-ops-report
    version: 0.1.0
    ref: quay-quay-quay-test.apps.salamander.aimlworkbench.com/deanpeterson/agent-office-skill-weekly-ops-report:v0.1.0
    digest: sha256:b98ea63381c42c31dc7e89b48aa9862d214ff518faaf99e60abefddc46fb75b1
  - name: wiki-clip
    version: 0.1.0
    ref: quay-quay-quay-test.apps.salamander.aimlworkbench.com/deanpeterson/agent-office-skill-wiki-clip:v0.1.0
    digest: sha256:26842afebd05431b57e56f5a348798567a00c1348756e80121dd9cb9d1a7f75c
  - name: wiki-search
    version: 0.1.0
    ref: quay-quay-quay-test.apps.salamander.aimlworkbench.com/deanpeterson/agent-office-skill-wiki-search:v0.1.0
    digest: sha256:69413d648874d3965d78a36804dc20739874a56c0d06dc02b436e84977a6b94b
  - name: wiki-write
    version: 0.1.0
    ref: quay-quay-quay-test.apps.salamander.aimlworkbench.com/deanpeterson/agent-office-skill-wiki-write:v0.1.0
    digest: sha256:4e4b7bb84a6a746e543e869710744a130f2a56cf95e5afb3c370b2cb866e37cc
composed:
  ref: quay-quay-quay-test.apps.salamander.aimlworkbench.com/deanpeterson/agent-office-skills:v0.0.7-lock
  digest: sha256:bd2a96cfdccadda59f1d164e192673a291c04739c7691c4a32f310ef14bc8220
